// !$*UTF8*$!
{
	archiveVersion = 1;
	classes = {
	};
	objectVersion = 46;
	objects = {

/* Begin PBXBuildFile section */
		40070FEC1838D97A00EF565C /* SPImmediateChangeSettingAction.m in Sources */ = {isa = PBXBuildFile; fileRef = 40070FEB1838D97A00EF565C /* SPImmediateChangeSettingAction.m */; };
		40070FF01838E60100EF565C /* SPViewBasedChangeSettingAction.m in Sources */ = {isa = PBXBuildFile; fileRef = 40070FEF1838E60100EF565C /* SPViewBasedChangeSettingAction.m */; };
		40070FF91838EBD800EF565C /* SPChangeSettingViewController.m in Sources */ = {isa = PBXBuildFile; fileRef = 40070FF71838EBD800EF565C /* SPChangeSettingViewController.m */; };
		40070FFA1838EBD800EF565C /* SPChangeSettingViewController.xib in Resources */ = {isa = PBXBuildFile; fileRef = 40070FF81838EBD800EF565C /* SPChangeSettingViewController.xib */; };
		400DC8521837A73A005EE481 /* SPExampleStatusComposer.m in Sources */ = {isa = PBXBuildFile; fileRef = 400DC8511837A73A005EE481 /* SPExampleStatusComposer.m */; };
		400DC8551837A823005EE481 /* SPExampleSettings.m in Sources */ = {isa = PBXBuildFile; fileRef = 400DC8541837A823005EE481 /* SPExampleSettings.m */; };
		401394A6182FA6BB00CF45F6 /* Foundation.framework in Frameworks */ = {isa = PBXBuildFile; fileRef = 401394A5182FA6BB00CF45F6 /* Foundation.framework */; };
		401394A8182FA6BB00CF45F6 /* CoreGraphics.framework in Frameworks */ = {isa = PBXBuildFile; fileRef = 401394A7182FA6BB00CF45F6 /* CoreGraphics.framework */; };
		401394AA182FA6BB00CF45F6 /* UIKit.framework in Frameworks */ = {isa = PBXBuildFile; fileRef = 401394A9182FA6BB00CF45F6 /* UIKit.framework */; };
		401394B0182FA6BB00CF45F6 /* InfoPlist.strings in Resources */ = {isa = PBXBuildFile; fileRef = 401394AE182FA6BB00CF45F6 /* InfoPlist.strings */; };
		401394B2182FA6BB00CF45F6 /* main.m in Sources */ = {isa = PBXBuildFile; fileRef = 401394B1182FA6BB00CF45F6 /* main.m */; };
		401394B6182FA6BB00CF45F6 /* SPAppDelegate.m in Sources */ = {isa = PBXBuildFile; fileRef = 401394B5182FA6BB00CF45F6 /* SPAppDelegate.m */; };
		401394C1182FA6BB00CF45F6 /* Images.xcassets in Resources */ = {isa = PBXBuildFile; fileRef = 401394C0182FA6BB00CF45F6 /* Images.xcassets */; };
		4013953C182FB14A00CF45F6 /* SPViewController.m in Sources */ = {isa = PBXBuildFile; fileRef = 4013953A182FB14A00CF45F6 /* SPViewController.m */; };
		4013953D182FB14A00CF45F6 /* SPViewController.xib in Resources */ = {isa = PBXBuildFile; fileRef = 4013953B182FB14A00CF45F6 /* SPViewController.xib */; };
		40DD545418C3E359007D3163 /* SPSimulateMemoryWarningAction.m in Sources */ = {isa = PBXBuildFile; fileRef = 40DD545318C3E359007D3163 /* SPSimulateMemoryWarningAction.m */; };
		49672EF71891CEFE00220147 /* SPDebugMenu.m in Sources */ = {isa = PBXBuildFile; fileRef = 49672EDE1891CEFE00220147 /* SPDebugMenu.m */; };
		49672EF81891CEFE00220147 /* SPDebugMenuActionCell.m in Sources */ = {isa = PBXBuildFile; fileRef = 49672EE11891CEFE00220147 /* SPDebugMenuActionCell.m */; };
		49672EF91891CEFE00220147 /* SPDebugMenuLongPressTrigger.m in Sources */ = {isa = PBXBuildFile; fileRef = 49672EE31891CEFE00220147 /* SPDebugMenuLongPressTrigger.m */; };
		49672EFA1891CEFE00220147 /* SPDebugMenuShakeTrigger.m in Sources */ = {isa = PBXBuildFile; fileRef = 49672EE51891CEFE00220147 /* SPDebugMenuShakeTrigger.m */; };
		49672EFB1891CEFE00220147 /* SPDebugMenuTapTrigger.m in Sources */ = {isa = PBXBuildFile; fileRef = 49672EE71891CEFE00220147 /* SPDebugMenuTapTrigger.m */; };
		49672EFC1891CEFE00220147 /* SPDebugMenuViewController.m in Sources */ = {isa = PBXBuildFile; fileRef = 49672EEA1891CEFE00220147 /* SPDebugMenuViewController.m */; };
		49672EFE1891CEFE00220147 /* SPSendReportAction.m in Sources */ = {isa = PBXBuildFile; fileRef = 49672EEE1891CEFE00220147 /* SPSendReportAction.m */; };
		49672EFF1891CEFE00220147 /* SPShakeTriggerWindow.m in Sources */ = {isa = PBXBuildFile; fileRef = 49672EF11891CEFE00220147 /* SPShakeTriggerWindow.m */; };
/* End PBXBuildFile section */

/* Begin PBXFileReference section */
		40070FEA1838D97A00EF565C /* SPImmediateChangeSettingAction.h */ = {isa = PBXFileReference; fileEncoding = 4; lastKnownFileType = sourcecode.c.h; path = SPImmediateChangeSettingAction.h; sourceTree = "<group>"; };
		40070FEB1838D97A00EF565C /* SPImmediateChangeSettingAction.m */ = {isa = PBXFileReference; fileEncoding = 4; lastKnownFileType = sourcecode.c.objc; path = SPImmediateChangeSettingAction.m; sourceTree = "<group>"; };
		40070FEE1838E60100EF565C /* SPViewBasedChangeSettingAction.h */ = {isa = PBXFileReference; fileEncoding = 4; lastKnownFileType = sourcecode.c.h; path = SPViewBasedChangeSettingAction.h; sourceTree = "<group>"; };
		40070FEF1838E60100EF565C /* SPViewBasedChangeSettingAction.m */ = {isa = PBXFileReference; fileEncoding = 4; lastKnownFileType = sourcecode.c.objc; path = SPViewBasedChangeSettingAction.m; sourceTree = "<group>"; };
		40070FF61838EBD800EF565C /* SPChangeSettingViewController.h */ = {isa = PBXFileReference; fileEncoding = 4; lastKnownFileType = sourcecode.c.h; path = SPChangeSettingViewController.h; sourceTree = "<group>"; };
		40070FF71838EBD800EF565C /* SPChangeSettingViewController.m */ = {isa = PBXFileReference; fileEncoding = 4; lastKnownFileType = sourcecode.c.objc; path = SPChangeSettingViewController.m; sourceTree = "<group>"; };
		40070FF81838EBD800EF565C /* SPChangeSettingViewController.xib */ = {isa = PBXFileReference; fileEncoding = 4; lastKnownFileType = file.xib; path = SPChangeSettingViewController.xib; sourceTree = "<group>"; };
		400DC8501837A73A005EE481 /* SPExampleStatusComposer.h */ = {isa = PBXFileReference; fileEncoding = 4; lastKnownFileType = sourcecode.c.h; path = SPExampleStatusComposer.h; sourceTree = "<group>"; };
		400DC8511837A73A005EE481 /* SPExampleStatusComposer.m */ = {isa = PBXFileReference; fileEncoding = 4; lastKnownFileType = sourcecode.c.objc; path = SPExampleStatusComposer.m; sourceTree = "<group>"; };
		400DC8531837A823005EE481 /* SPExampleSettings.h */ = {isa = PBXFileReference; fileEncoding = 4; lastKnownFileType = sourcecode.c.h; path = SPExampleSettings.h; sourceTree = "<group>"; };
		400DC8541837A823005EE481 /* SPExampleSettings.m */ = {isa = PBXFileReference; fileEncoding = 4; lastKnownFileType = sourcecode.c.objc; path = SPExampleSettings.m; sourceTree = "<group>"; };
		401394A2182FA6BB00CF45F6 /* SPDebugMenuExample.app */ = {isa = PBXFileReference; explicitFileType = wrapper.application; includeInIndex = 0; path = SPDebugMenuExample.app; sourceTree = BUILT_PRODUCTS_DIR; };
		401394A5182FA6BB00CF45F6 /* Foundation.framework */ = {isa = PBXFileReference; lastKnownFileType = wrapper.framework; name = Foundation.framework; path = System/Library/Frameworks/Foundation.framework; sourceTree = SDKROOT; };
		401394A7182FA6BB00CF45F6 /* CoreGraphics.framework */ = {isa = PBXFileReference; lastKnownFileType = wrapper.framework; name = CoreGraphics.framework; path = System/Library/Frameworks/CoreGraphics.framework; sourceTree = SDKROOT; };
		401394A9182FA6BB00CF45F6 /* UIKit.framework */ = {isa = PBXFileReference; lastKnownFileType = wrapper.framework; name = UIKit.framework; path = System/Library/Frameworks/UIKit.framework; sourceTree = SDKROOT; };
		401394AD182FA6BB00CF45F6 /* SPDebugMenuExample-Info.plist */ = {isa = PBXFileReference; lastKnownFileType = text.plist.xml; path = "SPDebugMenuExample-Info.plist"; sourceTree = "<group>"; };
		401394AF182FA6BB00CF45F6 /* en */ = {isa = PBXFileReference; lastKnownFileType = text.plist.strings; name = en; path = en.lproj/InfoPlist.strings; sourceTree = "<group>"; };
		401394B1182FA6BB00CF45F6 /* main.m */ = {isa = PBXFileReference; lastKnownFileType = sourcecode.c.objc; path = main.m; sourceTree = "<group>"; };
		401394B3182FA6BB00CF45F6 /* SPDebugMenuExample-Prefix.pch */ = {isa = PBXFileReference; lastKnownFileType = sourcecode.c.h; path = "SPDebugMenuExample-Prefix.pch"; sourceTree = "<group>"; };
		401394B4182FA6BB00CF45F6 /* SPAppDelegate.h */ = {isa = PBXFileReference; lastKnownFileType = sourcecode.c.h; path = SPAppDelegate.h; sourceTree = "<group>"; };
		401394B5182FA6BB00CF45F6 /* SPAppDelegate.m */ = {isa = PBXFileReference; lastKnownFileType = sourcecode.c.objc; path = SPAppDelegate.m; sourceTree = "<group>"; };
		401394C0182FA6BB00CF45F6 /* Images.xcassets */ = {isa = PBXFileReference; lastKnownFileType = folder.assetcatalog; path = Images.xcassets; sourceTree = "<group>"; };
		401394C7182FA6BB00CF45F6 /* XCTest.framework */ = {isa = PBXFileReference; lastKnownFileType = wrapper.framework; name = XCTest.framework; path = Library/Frameworks/XCTest.framework; sourceTree = DEVELOPER_DIR; };
		40139539182FB14A00CF45F6 /* SPViewController.h */ = {isa = PBXFileReference; fileEncoding = 4; lastKnownFileType = sourcecode.c.h; path = SPViewController.h; sourceTree = "<group>"; };
		4013953A182FB14A00CF45F6 /* SPViewController.m */ = {isa = PBXFileReference; fileEncoding = 4; lastKnownFileType = sourcecode.c.objc; path = SPViewController.m; sourceTree = "<group>"; };
		4013953B182FB14A00CF45F6 /* SPViewController.xib */ = {isa = PBXFileReference; fileEncoding = 4; lastKnownFileType = file.xib; path = SPViewController.xib; sourceTree = "<group>"; };
		40DD545218C3E359007D3163 /* SPSimulateMemoryWarningAction.h */ = {isa = PBXFileReference; fileEncoding = 4; lastKnownFileType = sourcecode.c.h; path = SPSimulateMemoryWarningAction.h; sourceTree = "<group>"; };
		40DD545318C3E359007D3163 /* SPSimulateMemoryWarningAction.m */ = {isa = PBXFileReference; fileEncoding = 4; lastKnownFileType = sourcecode.c.objc; path = SPSimulateMemoryWarningAction.m; sourceTree = "<group>"; };
		49672EDD1891CEFE00220147 /* SPDebugMenu.h */ = {isa = PBXFileReference; fileEncoding = 4; lastKnownFileType = sourcecode.c.h; path = SPDebugMenu.h; sourceTree = "<group>"; };
		49672EDE1891CEFE00220147 /* SPDebugMenu.m */ = {isa = PBXFileReference; fileEncoding = 4; lastKnownFileType = sourcecode.c.objc; path = SPDebugMenu.m; sourceTree = "<group>"; };
		49672EDF1891CEFE00220147 /* SPDebugMenuAction.h */ = {isa = PBXFileReference; fileEncoding = 4; lastKnownFileType = sourcecode.c.h; path = SPDebugMenuAction.h; sourceTree = "<group>"; };
		49672EE01891CEFE00220147 /* SPDebugMenuActionCell.h */ = {isa = PBXFileReference; fileEncoding = 4; lastKnownFileType = sourcecode.c.h; path = SPDebugMenuActionCell.h; sourceTree = "<group>"; };
		49672EE11891CEFE00220147 /* SPDebugMenuActionCell.m */ = {isa = PBXFileReference; fileEncoding = 4; lastKnownFileType = sourcecode.c.objc; path = SPDebugMenuActionCell.m; sourceTree = "<group>"; };
		49672EE21891CEFE00220147 /* SPDebugMenuLongPressTrigger.h */ = {isa = PBXFileReference; fileEncoding = 4; lastKnownFileType = sourcecode.c.h; path = SPDebugMenuLongPressTrigger.h; sourceTree = "<group>"; };
		49672EE31891CEFE00220147 /* SPDebugMenuLongPressTrigger.m */ = {isa = PBXFileReference; fileEncoding = 4; lastKnownFileType = sourcecode.c.objc; path = SPDebugMenuLongPressTrigger.m; sourceTree = "<group>"; };
		49672EE41891CEFE00220147 /* SPDebugMenuShakeTrigger.h */ = {isa = PBXFileReference; fileEncoding = 4; lastKnownFileType = sourcecode.c.h; path = SPDebugMenuShakeTrigger.h; sourceTree = "<group>"; };
		49672EE51891CEFE00220147 /* SPDebugMenuShakeTrigger.m */ = {isa = PBXFileReference; fileEncoding = 4; lastKnownFileType = sourcecode.c.objc; path = SPDebugMenuShakeTrigger.m; sourceTree = "<group>"; };
		49672EE61891CEFE00220147 /* SPDebugMenuTapTrigger.h */ = {isa = PBXFileReference; fileEncoding = 4; lastKnownFileType = sourcecode.c.h; path = SPDebugMenuTapTrigger.h; sourceTree = "<group>"; };
		49672EE71891CEFE00220147 /* SPDebugMenuTapTrigger.m */ = {isa = PBXFileReference; fileEncoding = 4; lastKnownFileType = sourcecode.c.objc; path = SPDebugMenuTapTrigger.m; sourceTree = "<group>"; };
		49672EE81891CEFE00220147 /* SPDebugMenuTriggering.h */ = {isa = PBXFileReference; fileEncoding = 4; lastKnownFileType = sourcecode.c.h; path = SPDebugMenuTriggering.h; sourceTree = "<group>"; };
		49672EE91891CEFE00220147 /* SPDebugMenuViewController.h */ = {isa = PBXFileReference; fileEncoding = 4; lastKnownFileType = sourcecode.c.h; path = SPDebugMenuViewController.h; sourceTree = "<group>"; };
		49672EEA1891CEFE00220147 /* SPDebugMenuViewController.m */ = {isa = PBXFileReference; fileEncoding = 4; lastKnownFileType = sourcecode.c.objc; path = SPDebugMenuViewController.m; sourceTree = "<group>"; };
		49672EED1891CEFE00220147 /* SPSendReportAction.h */ = {isa = PBXFileReference; fileEncoding = 4; lastKnownFileType = sourcecode.c.h; path = SPSendReportAction.h; sourceTree = "<group>"; };
		49672EEE1891CEFE00220147 /* SPSendReportAction.m */ = {isa = PBXFileReference; fileEncoding = 4; lastKnownFileType = sourcecode.c.objc; path = SPSendReportAction.m; sourceTree = "<group>"; };
		49672EEF1891CEFE00220147 /* SPSendReportStatusComposing.h */ = {isa = PBXFileReference; fileEncoding = 4; lastKnownFileType = sourcecode.c.h; path = SPSendReportStatusComposing.h; sourceTree = "<group>"; };
		49672EF01891CEFE00220147 /* SPShakeTriggerWindow.h */ = {isa = PBXFileReference; fileEncoding = 4; lastKnownFileType = sourcecode.c.h; path = SPShakeTriggerWindow.h; sourceTree = "<group>"; };
		49672EF11891CEFE00220147 /* SPShakeTriggerWindow.m */ = {isa = PBXFileReference; fileEncoding = 4; lastKnownFileType = sourcecode.c.objc; path = SPShakeTriggerWindow.m; sourceTree = "<group>"; };
/* End PBXFileReference section */

/* Begin PBXFrameworksBuildPhase section */
		4013949F182FA6BB00CF45F6 /* Frameworks */ = {
			isa = PBXFrameworksBuildPhase;
			buildActionMask = 2147483647;
			files = (
				401394A8182FA6BB00CF45F6 /* CoreGraphics.framework in Frameworks */,
				401394AA182FA6BB00CF45F6 /* UIKit.framework in Frameworks */,
				401394A6182FA6BB00CF45F6 /* Foundation.framework in Frameworks */,
			);
			runOnlyForDeploymentPostprocessing = 0;
		};
/* End PBXFrameworksBuildPhase section */

/* Begin PBXGroup section */
		40070FE81838D6D000EF565C /* Example actions */ = {
			isa = PBXGroup;
			children = (
				40070FF11838E6CB00EF565C /* View-based change setting */,
				40070FED1838E5DB00EF565C /* Immediate change setting */,
				40070FE91838D6E000EF565C /* Send report status getter */,
				400DC8531837A823005EE481 /* SPExampleSettings.h */,
				400DC8541837A823005EE481 /* SPExampleSettings.m */,
			);
			name = "Example actions";
			sourceTree = "<group>";
		};
		40070FE91838D6E000EF565C /* Send report status getter */ = {
			isa = PBXGroup;
			children = (
				400DC8501837A73A005EE481 /* SPExampleStatusComposer.h */,
				400DC8511837A73A005EE481 /* SPExampleStatusComposer.m */,
			);
			name = "Send report status getter";
			sourceTree = "<group>";
		};
		40070FED1838E5DB00EF565C /* Immediate change setting */ = {
			isa = PBXGroup;
			children = (
				40070FEA1838D97A00EF565C /* SPImmediateChangeSettingAction.h */,
				40070FEB1838D97A00EF565C /* SPImmediateChangeSettingAction.m */,
			);
			name = "Immediate change setting";
			sourceTree = "<group>";
		};
		40070FF11838E6CB00EF565C /* View-based change setting */ = {
			isa = PBXGroup;
			children = (
				40070FEE1838E60100EF565C /* SPViewBasedChangeSettingAction.h */,
				40070FEF1838E60100EF565C /* SPViewBasedChangeSettingAction.m */,
				40070FF61838EBD800EF565C /* SPChangeSettingViewController.h */,
				40070FF71838EBD800EF565C /* SPChangeSettingViewController.m */,
				40070FF81838EBD800EF565C /* SPChangeSettingViewController.xib */,
			);
			name = "View-based change setting";
			sourceTree = "<group>";
		};
		40139499182FA6BB00CF45F6 = {
			isa = PBXGroup;
			children = (
				401394AB182FA6BB00CF45F6 /* SPDebugMenuExample */,
				49672EDC1891CEFE00220147 /* SPDebugMenu */,
				401394A4182FA6BB00CF45F6 /* Frameworks */,
				401394A3182FA6BB00CF45F6 /* Products */,
			);
			sourceTree = "<group>";
		};
		401394A3182FA6BB00CF45F6 /* Products */ = {
			isa = PBXGroup;
			children = (
				401394A2182FA6BB00CF45F6 /* SPDebugMenuExample.app */,
			);
			name = Products;
			sourceTree = "<group>";
		};
		401394A4182FA6BB00CF45F6 /* Frameworks */ = {
			isa = PBXGroup;
			children = (
				401394A5182FA6BB00CF45F6 /* Foundation.framework */,
				401394A7182FA6BB00CF45F6 /* CoreGraphics.framework */,
				401394A9182FA6BB00CF45F6 /* UIKit.framework */,
				401394C7182FA6BB00CF45F6 /* XCTest.framework */,
			);
			name = Frameworks;
			sourceTree = "<group>";
		};
		401394AB182FA6BB00CF45F6 /* SPDebugMenuExample */ = {
			isa = PBXGroup;
			children = (
				401394AC182FA6BB00CF45F6 /* Supporting Files */,
				40070FE81838D6D000EF565C /* Example actions */,
				401394B4182FA6BB00CF45F6 /* SPAppDelegate.h */,
				401394B5182FA6BB00CF45F6 /* SPAppDelegate.m */,
				40139539182FB14A00CF45F6 /* SPViewController.h */,
				4013953A182FB14A00CF45F6 /* SPViewController.m */,
				4013953B182FB14A00CF45F6 /* SPViewController.xib */,
			);
			path = SPDebugMenuExample;
			sourceTree = "<group>";
		};
		401394AC182FA6BB00CF45F6 /* Supporting Files */ = {
			isa = PBXGroup;
			children = (
				401394C0182FA6BB00CF45F6 /* Images.xcassets */,
				401394AD182FA6BB00CF45F6 /* SPDebugMenuExample-Info.plist */,
				401394AE182FA6BB00CF45F6 /* InfoPlist.strings */,
				401394B1182FA6BB00CF45F6 /* main.m */,
				401394B3182FA6BB00CF45F6 /* SPDebugMenuExample-Prefix.pch */,
			);
			name = "Supporting Files";
			sourceTree = "<group>";
		};
		40DD545118C3E349007D3163 /* Actions */ = {
			isa = PBXGroup;
			children = (
				49672EED1891CEFE00220147 /* SPSendReportAction.h */,
				49672EEE1891CEFE00220147 /* SPSendReportAction.m */,
				49672EEF1891CEFE00220147 /* SPSendReportStatusComposing.h */,
				40DD545218C3E359007D3163 /* SPSimulateMemoryWarningAction.h */,
				40DD545318C3E359007D3163 /* SPSimulateMemoryWarningAction.m */,
			);
			name = Actions;
			sourceTree = "<group>";
		};
		49672EDC1891CEFE00220147 /* SPDebugMenu */ = {
			isa = PBXGroup;
			children = (
				49672F031891CFA900220147 /* Triggers */,
				49672F041891CFB700220147 /* View controller */,
				49672EDD1891CEFE00220147 /* SPDebugMenu.h */,
				49672EDE1891CEFE00220147 /* SPDebugMenu.m */,
				49672EDF1891CEFE00220147 /* SPDebugMenuAction.h */,
				49672EE81891CEFE00220147 /* SPDebugMenuTriggering.h */,
				40DD545118C3E349007D3163 /* Actions */,
			);
			name = SPDebugMenu;
			path = ../SPDebugMenu;
			sourceTree = "<group>";
		};
		49672F031891CFA900220147 /* Triggers */ = {
			isa = PBXGroup;
			children = (
				49672EF01891CEFE00220147 /* SPShakeTriggerWindow.h */,
				49672EF11891CEFE00220147 /* SPShakeTriggerWindow.m */,
				49672EE21891CEFE00220147 /* SPDebugMenuLongPressTrigger.h */,
				49672EE31891CEFE00220147 /* SPDebugMenuLongPressTrigger.m */,
				49672EE41891CEFE00220147 /* SPDebugMenuShakeTrigger.h */,
				49672EE51891CEFE00220147 /* SPDebugMenuShakeTrigger.m */,
				49672EE61891CEFE00220147 /* SPDebugMenuTapTrigger.h */,
				49672EE71891CEFE00220147 /* SPDebugMenuTapTrigger.m */,
			);
			name = Triggers;
			sourceTree = "<group>";
		};
		49672F041891CFB700220147 /* View controller */ = {
			isa = PBXGroup;
			children = (
				49672EE01891CEFE00220147 /* SPDebugMenuActionCell.h */,
				49672EE11891CEFE00220147 /* SPDebugMenuActionCell.m */,
				49672EE91891CEFE00220147 /* SPDebugMenuViewController.h */,
				49672EEA1891CEFE00220147 /* SPDebugMenuViewController.m */,
			);
			name = "View controller";
			sourceTree = "<group>";
		};
/* End PBXGroup section */

/* Begin PBXNativeTarget section */
		401394A1182FA6BB00CF45F6 /* SPDebugMenuExample */ = {
			isa = PBXNativeTarget;
			buildConfigurationList = 401394D7182FA6BC00CF45F6 /* Build configuration list for PBXNativeTarget "SPDebugMenuExample" */;
			buildPhases = (
				4013949E182FA6BB00CF45F6 /* Sources */,
				4013949F182FA6BB00CF45F6 /* Frameworks */,
				401394A0182FA6BB00CF45F6 /* Resources */,
			);
			buildRules = (
			);
			dependencies = (
			);
			name = SPDebugMenuExample;
			productName = SPDebugMenuExample;
			productReference = 401394A2182FA6BB00CF45F6 /* SPDebugMenuExample.app */;
			productType = "com.apple.product-type.application";
		};
/* End PBXNativeTarget section */

/* Begin PBXProject section */
		4013949A182FA6BB00CF45F6 /* Project object */ = {
			isa = PBXProject;
			attributes = {
				CLASSPREFIX = SP;
				LastUpgradeCheck = 0500;
				ORGANIZATIONNAME = "Sergio Padrino";
			};
			buildConfigurationList = 4013949D182FA6BB00CF45F6 /* Build configuration list for PBXProject "SPDebugMenuExample" */;
			compatibilityVersion = "Xcode 3.2";
			developmentRegion = English;
			hasScannedForEncodings = 0;
			knownRegions = (
				en,
				Base,
			);
			mainGroup = 40139499182FA6BB00CF45F6;
			productRefGroup = 401394A3182FA6BB00CF45F6 /* Products */;
			projectDirPath = "";
			projectRoot = "";
			targets = (
				401394A1182FA6BB00CF45F6 /* SPDebugMenuExample */,
			);
		};
/* End PBXProject section */

/* Begin PBXResourcesBuildPhase section */
		401394A0182FA6BB00CF45F6 /* Resources */ = {
			isa = PBXResourcesBuildPhase;
			buildActionMask = 2147483647;
			files = (
				40070FFA1838EBD800EF565C /* SPChangeSettingViewController.xib in Resources */,
				401394C1182FA6BB00CF45F6 /* Images.xcassets in Resources */,
				4013953D182FB14A00CF45F6 /* SPViewController.xib in Resources */,
				401394B0182FA6BB00CF45F6 /* InfoPlist.strings in Resources */,
			);
			runOnlyForDeploymentPostprocessing = 0;
		};
/* End PBXResourcesBuildPhase section */

/* Begin PBXSourcesBuildPhase section */
		4013949E182FA6BB00CF45F6 /* Sources */ = {
			isa = PBXSourcesBuildPhase;
			buildActionMask = 2147483647;
			files = (
				49672EF91891CEFE00220147 /* SPDebugMenuLongPressTrigger.m in Sources */,
				40070FF91838EBD800EF565C /* SPChangeSettingViewController.m in Sources */,
				401394B2182FA6BB00CF45F6 /* main.m in Sources */,
				49672EFA1891CEFE00220147 /* SPDebugMenuShakeTrigger.m in Sources */,
				49672EFB1891CEFE00220147 /* SPDebugMenuTapTrigger.m in Sources */,
				401394B6182FA6BB00CF45F6 /* SPAppDelegate.m in Sources */,
				49672EFE1891CEFE00220147 /* SPSendReportAction.m in Sources */,
				49672EFC1891CEFE00220147 /* SPDebugMenuViewController.m in Sources */,
				49672EF81891CEFE00220147 /* SPDebugMenuActionCell.m in Sources */,
				40DD545418C3E359007D3163 /* SPSimulateMemoryWarningAction.m in Sources */,
				400DC8551837A823005EE481 /* SPExampleSettings.m in Sources */,
				49672EFF1891CEFE00220147 /* SPShakeTriggerWindow.m in Sources */,
				49672EF71891CEFE00220147 /* SPDebugMenu.m in Sources */,
				40070FEC1838D97A00EF565C /* SPImmediateChangeSettingAction.m in Sources */,
				4013953C182FB14A00CF45F6 /* SPViewController.m in Sources */,
				40070FF01838E60100EF565C /* SPViewBasedChangeSettingAction.m in Sources */,
				400DC8521837A73A005EE481 /* SPExampleStatusComposer.m in Sources */,
			);
			runOnlyForDeploymentPostprocessing = 0;
		};
/* End PBXSourcesBuildPhase section */

/* Begin PBXVariantGroup section */
		401394AE182FA6BB00CF45F6 /* InfoPlist.strings */ = {
			isa = PBXVariantGroup;
			children = (
				401394AF182FA6BB00CF45F6 /* en */,
			);
			name = InfoPlist.strings;
			sourceTree = "<group>";
		};
/* End PBXVariantGroup section */

/* Begin XCBuildConfiguration section */
		401394D5182FA6BB00CF45F6 /* Debug */ = {
			isa = XCBuildConfiguration;
			buildSettings = {
				ALWAYS_SEARCH_USER_PATHS = NO;
				ARCHS = "$(ARCHS_STANDARD_INCLUDING_64_BIT)";
				CLANG_CXX_LANGUAGE_STANDARD = "gnu++0x";
				CLANG_CXX_LIBRARY = "libc++";
				CLANG_ENABLE_MODULES = YES;
				CLANG_ENABLE_OBJC_ARC = YES;
				CLANG_WARN_BOOL_CONVERSION = YES;
				CLANG_WARN_CONSTANT_CONVERSION = YES;
				CLANG_WARN_DIRECT_OBJC_ISA_USAGE = YES_ERROR;
				CLANG_WARN_EMPTY_BODY = YES;
				CLANG_WARN_ENUM_CONVERSION = YES;
				CLANG_WARN_INT_CONVERSION = YES;
				CLANG_WARN_OBJC_ROOT_CLASS = YES_ERROR;
				CLANG_WARN__DUPLICATE_METHOD_MATCH = YES;
				"CODE_SIGN_IDENTITY[sdk=iphoneos*]" = "iPhone Developer";
				COPY_PHASE_STRIP = NO;
				GCC_C_LANGUAGE_STANDARD = gnu99;
				GCC_DYNAMIC_NO_PIC = NO;
				GCC_OPTIMIZATION_LEVEL = 0;
				GCC_PREPROCESSOR_DEFINITIONS = (
					"DEBUG=1",
					"$(inherited)",
				);
				GCC_SYMBOLS_PRIVATE_EXTERN = NO;
				GCC_WARN_64_TO_32_BIT_CONVERSION = YES;
				GCC_WARN_ABOUT_RETURN_TYPE = YES_ERROR;
				GCC_WARN_UNDECLARED_SELECTOR = YES;
				GCC_WARN_UNINITIALIZED_AUTOS = YES;
				GCC_WARN_UNUSED_FUNCTION = YES;
				GCC_WARN_UNUSED_VARIABLE = YES;
				IPHONEOS_DEPLOYMENT_TARGET = 7.0;
				ONLY_ACTIVE_ARCH = YES;
				SDKROOT = iphoneos;
				TARGETED_DEVICE_FAMILY = "1,2";
			};
			name = Debug;
		};
		401394D6182FA6BB00CF45F6 /* Release */ = {
			isa = XCBuildConfiguration;
			buildSettings = {
				ALWAYS_SEARCH_USER_PATHS = NO;
				ARCHS = "$(ARCHS_STANDARD_INCLUDING_64_BIT)";
				CLANG_CXX_LANGUAGE_STANDARD = "gnu++0x";
				CLANG_CXX_LIBRARY = "libc++";
				CLANG_ENABLE_MODULES = YES;
				CLANG_ENABLE_OBJC_ARC = YES;
				CLANG_WARN_BOOL_CONVERSION = YES;
				CLANG_WARN_CONSTANT_CONVERSION = YES;
				CLANG_WARN_DIRECT_OBJC_ISA_USAGE = YES_ERROR;
				CLANG_WARN_EMPTY_BODY = YES;
				CLANG_WARN_ENUM_CONVERSION = YES;
				CLANG_WARN_INT_CONVERSION = YES;
				CLANG_WARN_OBJC_ROOT_CLASS = YES_ERROR;
				CLANG_WARN__DUPLICATE_METHOD_MATCH = YES;
				"CODE_SIGN_IDENTITY[sdk=iphoneos*]" = "iPhone Developer";
				COPY_PHASE_STRIP = YES;
				ENABLE_NS_ASSERTIONS = NO;
				GCC_C_LANGUAGE_STANDARD = gnu99;
				GCC_WARN_64_TO_32_BIT_CONVERSION = YES;
				GCC_WARN_ABOUT_RETURN_TYPE = YES_ERROR;
				GCC_WARN_UNDECLARED_SELECTOR = YES;
				GCC_WARN_UNINITIALIZED_AUTOS = YES;
				GCC_WARN_UNUSED_FUNCTION = YES;
				GCC_WARN_UNUSED_VARIABLE = YES;
				IPHONEOS_DEPLOYMENT_TARGET = 7.0;
				SDKROOT = iphoneos;
				TARGETED_DEVICE_FAMILY = "1,2";
				VALIDATE_PRODUCT = YES;
			};
			name = Release;
		};
		401394D8182FA6BC00CF45F6 /* Debug */ = {
			isa = XCBuildConfiguration;
			buildSettings = {
				ASSETCATALOG_COMPILER_APPICON_NAME = AppIcon;
				ASSETCATALOG_COMPILER_LAUNCHIMAGE_NAME = LaunchImage;
				GCC_PRECOMPILE_PREFIX_HEADER = YES;
				GCC_PREFIX_HEADER = "SPDebugMenuExample/SPDebugMenuExample-Prefix.pch";
				INFOPLIST_FILE = "SPDebugMenuExample/SPDebugMenuExample-Info.plist";
				IPHONEOS_DEPLOYMENT_TARGET = 6.1;
				PRODUCT_NAME = "$(TARGET_NAME)";
				TARGETED_DEVICE_FAMILY = 1;
				WRAPPER_EXTENSION = app;
			};
			name = Debug;
		};
		401394D9182FA6BC00CF45F6 /* Release */ = {
			isa = XCBuildConfiguration;
			buildSettings = {
				ASSETCATALOG_COMPILER_APPICON_NAME = AppIcon;
				ASSETCATALOG_COMPILER_LAUNCHIMAGE_NAME = LaunchImage;
				GCC_PRECOMPILE_PREFIX_HEADER = YES;
				GCC_PREFIX_HEADER = "SPDebugMenuExample/SPDebugMenuExample-Prefix.pch";
				INFOPLIST_FILE = "SPDebugMenuExample/SPDebugMenuExample-Info.plist";
				IPHONEOS_DEPLOYMENT_TARGET = 6.1;
				PRODUCT_NAME = "$(TARGET_NAME)";
				TARGETED_DEVICE_FAMILY = 1;
				WRAPPER_EXTENSION = app;
			};
			name = Release;
		};
/* End XCBuildConfiguration section */

/* Begin XCConfigurationList section */
		4013949D182FA6BB00CF45F6 /* Build configuration list for PBXProject "SPDebugMenuExample" */ = {
			isa = XCConfigurationList;
			buildConfigurations = (
				401394D5182FA6BB00CF45F6 /* Debug */,
				401394D6182FA6BB00CF45F6 /* Release */,
			);
			defaultConfigurationIsVisible = 0;
			defaultConfigurationName = Release;
		};
		401394D7182FA6BC00CF45F6 /* Build configuration list for PBXNativeTarget "SPDebugMenuExample" */ = {
			isa = XCConfigurationList;
			buildConfigurations = (
				401394D8182FA6BC00CF45F6 /* Debug */,
				401394D9182FA6BC00CF45F6 /* Release */,
			);
			defaultConfigurationIsVisible = 0;
			defaultConfigurationName = Release;
		};
/* End XCConfigurationList section */
	};
	rootObject = 4013949A182FA6BB00CF45F6 /* Project object */;
}
